{
    "_meta": {
        "hash": {
            "sha256": "a1ffc9dfc70ddeace92736b8215571f92d2c0b1847d7cad1daa24ff16a3f6ba7"
        },
        "pipfile-spec": 6,
        "requires": {
            "python_full_version": "3.13.5",
            "python_version": "3.13"
        },
        "sources": [
            {
                "name": "pypi",
                "url": "https://pypi.org/simple",
                "verify_ssl": true
            }
        ]
    },
    "default": {
        "load-dotenv": {
            "hashes": [
                "sha256:614803f720153fb8a5f97124a72aaa3930a67aa5547cbe8603d01ea7f9ac1adf",
                "sha256:bbe5f40072d4a61eadca66de6c222df5a2d935d6d41b703be1ff75396f635145"
            ],
            "index": "pypi",
            "version": "==0.1.0"
        },
        "python-dotenv": {
            "hashes": [
                "sha256:1d8214789a24de455a8b8bd8ae6fe3c6b69a5e3d64aa8a8e5d68e694bbcb285a",
                "sha256:2c371a91fbd7ba082c2c1dc1f8bf89ca22564a087c2c287cd9b662adde799cf3"
            ],
            "markers": "python_version >= '3.10'",
            "version": "==1.2.2"
        }
    },
    "develop": {}
}
